# This file was autogenerated by Stack.
# You should not edit this file by hand.
# For more information, please see the documentation at:
#   https://docs.haskellstack.org/en/stable/lock_files

packages: []
snapshots:
- completed:
    sha256: 0045cbb9cde2d67e6189ba5a780d718911f03d3fefd1515eb9498359eccfc766
    size: 647984
    url: https://raw.githubusercontent.com/commercialhaskell/stackage-snapshots/master/nightly/2022/11/14.yaml
  original: nightly-2022-11-14
