# This file was autogenerated by Stack.
# You should not edit this file by hand.
# For more information, please see the documentation at:
#   https://docs.haskellstack.org/en/stable/lock_files

packages:
- completed:
    commit: b3eef612aa3d083b0d2a588b2c543ee212938668
    git: https://github.com/codedownio/sandwich
    name: sandwich
    pantry-tree:
      sha256: e8a18205c2af222c86fbab7b8837616f58043f8036fae10a4e9c03ea156d5511
      size: 6178
    subdir: sandwich
    version: 0.2.2.0
  original:
    commit: b3eef612aa3d083b0d2a588b2c543ee212938668
    git: https://github.com/codedownio/sandwich
    subdir: sandwich
- completed:
    commit: b3eef612aa3d083b0d2a588b2c543ee212938668
    git: https://github.com/codedownio/sandwich
    name: sandwich-contexts
    pantry-tree:
      sha256: 9e20be1cb748ef71493ffde2b8b973cd26fc84495d20f12e651efbfb86ed1055
      size: 1633
    subdir: sandwich-contexts
    version: 0.1.0.0
  original:
    commit: b3eef612aa3d083b0d2a588b2c543ee212938668
    git: https://github.com/codedownio/sandwich
    subdir: sandwich-contexts
snapshots:
- completed:
    sha256: 4a0e5e187fbef423f9c60072bfb1dd56f2a01a07a2667eb1469bd79073cfceaf
    size: 713340
    url: https://raw.githubusercontent.com/commercialhaskell/stackage-snapshots/master/lts/22/20.yaml
  original: lts-22.20
